// !$*UTF8*$!
{
	archiveVersion = 1;
	classes = {
	};
	objectVersion = 50;
	objects = {

/* Begin PBXBuildFile section */
		A0034CCE211F51C7003FF643 /* AppDelegate.swift in Sources */ = {isa = PBXBuildFile; fileRef = A0034CCD211F51C7003FF643 /* AppDelegate.swift */; };
		A0034CD0211F51C7003FF643 /* ViewController.swift in Sources */ = {isa = PBXBuildFile; fileRef = A0034CCF211F51C7003FF643 /* ViewController.swift */; };
		A0034CD3211F51C8003FF643 /* Main.storyboard in Resources */ = {isa = PBXBuildFile; fileRef = A0034CD1211F51C8003FF643 /* Main.storyboard */; };
		A0034CD5211F51CB003FF643 /* Assets.xcassets in Resources */ = {isa = PBXBuildFile; fileRef = A0034CD4211F51CB003FF643 /* Assets.xcassets */; };
		A0034CD8211F51CB003FF643 /* LaunchScreen.storyboard in Resources */ = {isa = PBXBuildFile; fileRef = A0034CD6211F51CB003FF643 /* LaunchScreen.storyboard */; };
		A02314632121829500144A58 /* CacheImage.swift in Sources */ = {isa = PBXBuildFile; fileRef = A02314622121829500144A58 /* CacheImage.swift */; };
/* End PBXBuildFile section */

/* Begin PBXFileReference section */
		A0034CCA211F51C7003FF643 /* ImagesDownloadAndCache.app */ = {isa = PBXFileReference; explicitFileType = wrapper.application; includeInIndex = 0; path = ImagesDownloadAndCache.app; sourceTree = BUILT_PRODUCTS_DIR; };
		A0034CCD211F51C7003FF643 /* AppDelegate.swift */ = {isa = PBXFileReference; lastKnownFileType = sourcecode.swift; path = AppDelegate.swift; sourceTree = "<group>"; };
		A0034CCF211F51C7003FF643 /* ViewController.swift */ = {isa = PBXFileReference; lastKnownFileType = sourcecode.swift; path = ViewController.swift; sourceTree = "<group>"; };
		A0034CD2211F51C8003FF643 /* Base */ = {isa = PBXFileReference; lastKnownFileType = file.storyboard; name = Base; path = Base.lproj/Main.storyboard; sourceTree = "<group>"; };
		A0034CD4211F51CB003FF643 /* Assets.xcassets */ = {isa = PBXFileReference; lastKnownFileType = folder.assetcatalog; path = Assets.xcassets; sourceTree = "<group>"; };
		A0034CD7211F51CB003FF643 /* Base */ = {isa = PBXFileReference; lastKnownFileType = file.storyboard; name = Base; path = Base.lproj/LaunchScreen.storyboard; sourceTree = "<group>"; };
		A0034CD9211F51CB003FF643 /* Info.plist */ = {isa = PBXFileReference; lastKnownFileType = text.plist.xml; path = Info.plist; sourceTree = "<group>"; };
		A02314622121829500144A58 /* CacheImage.swift */ = {isa = PBXFileReference; lastKnownFileType = sourcecode.swift; path = CacheImage.swift; sourceTree = "<group>"; };
/* End PBXFileReference section */

/* Begin PBXFrameworksBuildPhase section */
		A0034CC7211F51C7003FF643 /* Frameworks */ = {
			isa = PBXFrameworksBuildPhase;
			buildActionMask = 2147483647;
			files = (
			);
			runOnlyForDeploymentPostprocessing = 0;
		};
/* End PBXFrameworksBuildPhase section */

/* Begin PBXGroup section */
		A0034CC1211F51C7003FF643 = {
			isa = PBXGroup;
			children = (
				A0034CCC211F51C7003FF643 /* ImagesDownloadAndCache */,
				A0034CCB211F51C7003FF643 /* Products */,
			);
			sourceTree = "<group>";
		};
		A0034CCB211F51C7003FF643 /* Products */ = {
			isa = PBXGroup;
			children = (
				A0034CCA211F51C7003FF643 /* ImagesDownloadAndCache.app */,
			);
			name = Products;
			sourceTree = "<group>";
		};
		A0034CCC211F51C7003FF643 /* ImagesDownloadAndCache */ = {
			isa = PBXGroup;
			children = (
				A0034CCD211F51C7003FF643 /* AppDelegate.swift */,
				A02314622121829500144A58 /* CacheImage.swift */,
				A0034CCF211F51C7003FF643 /* ViewController.swift */,
				A0034CD1211F51C8003FF643 /* Main.storyboard */,
				A0034CD4211F51CB003FF643 /* Assets.xcassets */,
				A0034CD6211F51CB003FF643 /* LaunchScreen.storyboard */,
				A0034CD9211F51CB003FF643 /* Info.plist */,
			);
			path = ImagesDownloadAndCache;
			sourceTree = "<group>";
		};
/* End PBXGroup section */

/* Begin PBXNativeTarget section */
		A0034CC9211F51C7003FF643 /* ImagesDownloadAndCache */ = {
			isa = PBXNativeTarget;
			buildConfigurationList = A0034CDC211F51CB003FF643 /* Build configuration list for PBXNativeTarget "ImagesDownloadAndCache" */;
			buildPhases = (
				A0034CC6211F51C7003FF643 /* Sources */,
				A0034CC7211F51C7003FF643 /* Frameworks */,
				A0034CC8211F51C7003FF643 /* Resources */,
			);
			buildRules = (
			);
			dependencies = (
			);
			name = ImagesDownloadAndCache;
			productName = ImagesDownloadAndCache;
			productReference = A0034CCA211F51C7003FF643 /* ImagesDownloadAndCache.app */;
			productType = "com.apple.product-type.application";
		};
/* End PBXNativeTarget section */

/* Begin PBXProject section */
		A0034CC2211F51C7003FF643 /* Project object */ = {
			isa = PBXProject;
			attributes = {
				LastSwiftUpdateCheck = 0940;
				LastUpgradeCheck = 0940;
				ORGANIZATIONNAME = "Hiếu Nguyễn";
				TargetAttributes = {
					A0034CC9211F51C7003FF643 = {
						CreatedOnToolsVersion = 9.4.1;
					};
				};
			};
			buildConfigurationList = A0034CC5211F51C7003FF643 /* Build configuration list for PBXProject "ImagesDownloadAndCache" */;
			compatibilityVersion = "Xcode 9.3";
			developmentRegion = en;
			hasScannedForEncodings = 0;
			knownRegions = (
				en,
				Base,
			);
			mainGroup = A0034CC1211F51C7003FF643;
			productRefGroup = A0034CCB211F51C7003FF643 /* Products */;
			projectDirPath = "";
			projectRoot = "";
			targets = (
				A0034CC9211F51C7003FF643 /* ImagesDownloadAndCache */,
			);
		};
/* End PBXProject section */

/* Begin PBXResourcesBuildPhase section */
		A0034CC8211F51C7003FF643 /* Resources */ = {
			isa = PBXResourcesBuildPhase;
			buildActionMask = 2147483647;
			files = (
				A0034CD8211F51CB003FF643 /* LaunchScreen.storyboard in Resources */,
				A0034CD5211F51CB003FF643 /* Assets.xcassets in Resources */,
				A0034CD3211F51C8003FF643 /* Main.storyboard in Resources */,
			);
			runOnlyForDeploymentPostprocessing = 0;
		};
/* End PBXResourcesBuildPhase section */

/* Begin PBXSourcesBuildPhase section */
		A0034CC6211F51C7003FF643 /* Sources */ = {
			isa = PBXSourcesBuildPhase;
			buildActionMask = 2147483647;
			files = (
				A02314632121829500144A58 /* CacheImage.swift in Sources */,
				A0034CD0211F51C7003FF643 /* ViewController.swift in Sources */,
				A0034CCE211F51C7003FF643 /* AppDelegate.swift in Sources */,
			);
			runOnlyForDeploymentPostprocessing = 0;
		};
/* End PBXSourcesBuildPhase section */

/* Begin PBXVariantGroup section */
		A0034CD1211F51C8003FF643 /* Main.storyboard */ = {
			isa = PBXVariantGroup;
			children = (
				A0034CD2211F51C8003FF643 /* Base */,
			);
			name = Main.storyboard;
			sourceTree = "<group>";
		};
		A0034CD6211F51CB003FF643 /* LaunchScreen.storyboard */ = {
			isa = PBXVariantGroup;
			children = (
				A0034CD7211F51CB003FF643 /* Base */,
			);
			name = LaunchScreen.storyboard;
			sourceTree = "<group>";
		};
/* End PBXVariantGroup section */

/* Begin XCBuildConfiguration section */
		A0034CDA211F51CB003FF643 /* Debug */ = {
			isa = XCBuildConfiguration;
			buildSettings = {
				ALWAYS_SEARCH_USER_PATHS = NO;
				CLANG_ANALYZER_NONNULL = YES;
				CLANG_ANALYZER_NUMBER_OBJECT_CONVERSION = YES_AGGRESSIVE;
				CLANG_CXX_LANGUAGE_STANDARD = "gnu++14";
				CLANG_CXX_LIBRARY = "libc++";
				CLANG_ENABLE_MODULES = YES;
				CLANG_ENABLE_OBJC_ARC = YES;
				CLANG_ENABLE_OBJC_WEAK = YES;
				CLANG_WARN_BLOCK_CAPTURE_AUTORELEASING = YES;
				CLANG_WARN_BOOL_CONVERSION = YES;
				CLANG_WARN_COMMA = YES;
				CLANG_WARN_CONSTANT_CONVERSION = YES;
				CLANG_WARN_DEPRECATED_OBJC_IMPLEMENTATIONS = YES;
				CLANG_WARN_DIRECT_OBJC_ISA_USAGE = YES_ERROR;
				CLANG_WARN_DOCUMENTATION_COMMENTS = YES;
				CLANG_WARN_EMPTY_BODY = YES;
				CLANG_WARN_ENUM_CONVERSION = YES;
				CLANG_WARN_INFINITE_RECURSION = YES;
				CLANG_WARN_INT_CONVERSION = YES;
				CLANG_WARN_NON_LITERAL_NULL_CONVERSION = YES;
				CLANG_WARN_OBJC_IMPLICIT_RETAIN_SELF = YES;
				CLANG_WARN_OBJC_LITERAL_CONVERSION = YES;
				CLANG_WARN_OBJC_ROOT_CLASS = YES_ERROR;
				CLANG_WARN_RANGE_LOOP_ANALYSIS = YES;
				CLANG_WARN_STRICT_PROTOTYPES = YES;
				CLANG_WARN_SUSPICIOUS_MOVE = YES;
				CLANG_WARN_UNGUARDED_AVAILABILITY = YES_AGGRESSIVE;
				CLANG_WARN_UNREACHABLE_CODE = YES;
				CLANG_WARN__DUPLICATE_METHOD_MATCH = YES;
				CODE_SIGN_IDENTITY = "iPhone Developer";
				COPY_PHASE_STRIP = NO;
				DEBUG_INFORMATION_FORMAT = dwarf;
				ENABLE_STRICT_OBJC_MSGSEND = YES;
				ENABLE_TESTABILITY = YES;
				GCC_C_LANGUAGE_STANDARD = gnu11;
				GCC_DYNAMIC_NO_PIC = NO;
				GCC_NO_COMMON_BLOCKS = YES;
				GCC_OPTIMIZATION_LEVEL = 0;
				GCC_PREPROCESSOR_DEFINITIONS = (
					"DEBUG=1",
					"$(inherited)",
				);
				GCC_WARN_64_TO_32_BIT_CONVERSION = YES;
				GCC_WARN_ABOUT_RETURN_TYPE = YES_ERROR;
				GCC_WARN_UNDECLARED_SELECTOR = YES;
				GCC_WARN_UNINITIALIZED_AUTOS = YES_AGGRESSIVE;
				GCC_WARN_UNUSED_FUNCTION = YES;
				GCC_WARN_UNUSED_VARIABLE = YES;
				IPHONEOS_DEPLOYMENT_TARGET = 11.4;
				MTL_ENABLE_DEBUG_INFO = YES;
				ONLY_ACTIVE_ARCH = YES;
				SDKROOT = iphoneos;
				SWIFT_ACTIVE_COMPILATION_CONDITIONS = DEBUG;
				SWIFT_OPTIMIZATION_LEVEL = "-Onone";
			};
			name = Debug;
		};
		A0034CDB211F51CB003FF643 /* Release */ = {
			isa = XCBuildConfiguration;
			buildSettings = {
				ALWAYS_SEARCH_USER_PATHS = NO;
				CLANG_ANALYZER_NONNULL = YES;
				CLANG_ANALYZER_NUMBER_OBJECT_CONVERSION = YES_AGGRESSIVE;
				CLANG_CXX_LANGUAGE_STANDARD = "gnu++14";
				CLANG_CXX_LIBRARY = "libc++";
				CLANG_ENABLE_MODULES = YES;
				CLANG_ENABLE_OBJC_ARC = YES;
				CLANG_ENABLE_OBJC_WEAK = YES;
				CLANG_WARN_BLOCK_CAPTURE_AUTORELEASING = YES;
				CLANG_WARN_BOOL_CONVERSION = YES;
				CLANG_WARN_COMMA = YES;
				CLANG_WARN_CONSTANT_CONVERSION = YES;
				CLANG_WARN_DEPRECATED_OBJC_IMPLEMENTATIONS = YES;
				CLANG_WARN_DIRECT_OBJC_ISA_USAGE = YES_ERROR;
				CLANG_WARN_DOCUMENTATION_COMMENTS = YES;
				CLANG_WARN_EMPTY_BODY = YES;
				CLANG_WARN_ENUM_CONVERSION = YES;
				CLANG_WARN_INFINITE_RECURSION = YES;
				CLANG_WARN_INT_CONVERSION = YES;
				CLANG_WARN_NON_LITERAL_NULL_CONVERSION = YES;
				CLANG_WARN_OBJC_IMPLICIT_RETAIN_SELF = YES;
				CLANG_WARN_OBJC_LITERAL_CONVERSION = YES;
				CLANG_WARN_OBJC_ROOT_CLASS = YES_ERROR;
				CLANG_WARN_RANGE_LOOP_ANALYSIS = YES;
				CLANG_WARN_STRICT_PROTOTYPES = YES;
				CLANG_WARN_SUSPICIOUS_MOVE = YES;
				CLANG_WARN_UNGUARDED_AVAILABILITY = YES_AGGRESSIVE;
				CLANG_WARN_UNREACHABLE_CODE = YES;
				CLANG_WARN__DUPLICATE_METHOD_MATCH = YES;
				CODE_SIGN_IDENTITY = "iPhone Developer";
				COPY_PHASE_STRIP = NO;
				DEBUG_INFORMATION_FORMAT = "dwarf-with-dsym";
				ENABLE_NS_ASSERTIONS = NO;
				ENABLE_STRICT_OBJC_MSGSEND = YES;
				GCC_C_LANGUAGE_STANDARD = gnu11;
				GCC_NO_COMMON_BLOCKS = YES;
				GCC_WARN_64_TO_32_BIT_CONVERSION = YES;
				GCC_WARN_ABOUT_RETURN_TYPE = YES_ERROR;
				GCC_WARN_UNDECLARED_SELECTOR = YES;
				GCC_WARN_UNINITIALIZED_AUTOS = YES_AGGRESSIVE;
				GCC_WARN_UNUSED_FUNCTION = YES;
				GCC_WARN_UNUSED_VARIABLE = YES;
				IPHONEOS_DEPLOYMENT_TARGET = 11.4;
				MTL_ENABLE_DEBUG_INFO = NO;
				SDKROOT = iphoneos;
				SWIFT_COMPILATION_MODE = wholemodule;
				SWIFT_OPTIMIZATION_LEVEL = "-O";
				VALIDATE_PRODUCT = YES;
			};
			name = Release;
		};
		A0034CDD211F51CB003FF643 /* Debug */ = {
			isa = XCBuildConfiguration;
			buildSettings = {
				ASSETCATALOG_COMPILER_APPICON_NAME = AppIcon;
				CODE_SIGN_STYLE = Automatic;
				INFOPLIST_FILE = ImagesDownloadAndCache/Info.plist;
				LD_RUNPATH_SEARCH_PATHS = (
					"$(inherited)",
					"@executable_path/Frameworks",
				);
				PRODUCT_BUNDLE_IDENTIFIER = com.hieuNguyen.ImagesDownloadAndCache;
				PRODUCT_NAME = "$(TARGET_NAME)";
				SWIFT_VERSION = 4.0;
				TARGETED_DEVICE_FAMILY = "1,2";
			};
			name = Debug;
		};
		A0034CDE211F51CB003FF643 /* Release */ = {
			isa = XCBuildConfiguration;
			buildSettings = {
				ASSETCATALOG_COMPILER_APPICON_NAME = AppIcon;
				CODE_SIGN_STYLE = Automatic;
				INFOPLIST_FILE = ImagesDownloadAndCache/Info.plist;
				LD_RUNPATH_SEARCH_PATHS = (
					"$(inherited)",
					"@executable_path/Frameworks",
				);
				PRODUCT_BUNDLE_IDENTIFIER = com.hieuNguyen.ImagesDownloadAndCache;
				PRODUCT_NAME = "$(TARGET_NAME)";
				SWIFT_VERSION = 4.0;
				TARGETED_DEVICE_FAMILY = "1,2";
			};
			name = Release;
		};
/* End XCBuildConfiguration section */

/* Begin XCConfigurationList section */
		A0034CC5211F51C7003FF643 /* Build configuration list for PBXProject "ImagesDownloadAndCache" */ = {
			isa = XCConfigurationList;
			buildConfigurations = (
				A0034CDA211F51CB003FF643 /* Debug */,
				A0034CDB211F51CB003FF643 /* Release */,
			);
			defaultConfigurationIsVisible = 0;
			defaultConfigurationName = Release;
		};
		A0034CDC211F51CB003FF643 /* Build configuration list for PBXNativeTarget "ImagesDownloadAndCache" */ = {
			isa = XCConfigurationList;
			buildConfigurations = (
				A0034CDD211F51CB003FF643 /* Debug */,
				A0034CDE211F51CB003FF643 /* Release */,
			);
			defaultConfigurationIsVisible = 0;
			defaultConfigurationName = Release;
		};
/* End XCConfigurationList section */
	};
	rootObject = A0034CC2211F51C7003FF643 /* Project object */;
}
